
Microsoft Visual Studio Solution File, Format Version 12.00
# Visual Studio 14
VisualStudioVersion = 14.0.25420.1
MinimumVisualStudioVersion = 10.0.40219.1
Project("{FAE04EC0-301F-11D3-BF4B-00C04F79EFBC}") = "HypoSpray", "HypoSpray\HypoSpray\HypoSpray.csproj", "{3FE46F1F-D532-4A71-AF1F-B35E306912FE}"
EndProject
Project("{FAE04EC0-301F-11D3-BF4B-00C04F79EFBC}") = "HypoSpray.Vsix", "HypoSpray\HypoSpray.Vsix\HypoSpray.Vsix.csproj", "{519110E4-5B40-4250-824C-C08E9308589C}"
EndProject
Global
	GlobalSection(SolutionConfigurationPlatforms) = preSolution
		Debug|Any CPU = Debug|Any CPU
		Release|Any CPU = Release|Any CPU
	EndGlobalSection
	GlobalSection(ProjectConfigurationPlatforms) = postSolution
		{3FE46F1F-D532-4A71-AF1F-B35E306912FE}.Debug|Any CPU.ActiveCfg = Debug|Any CPU
		{3FE46F1F-D532-4A71-AF1F-B35E306912FE}.Debug|Any CPU.Build.0 = Debug|Any CPU
		{3FE46F1F-D532-4A71-AF1F-B35E306912FE}.Release|Any CPU.ActiveCfg = Release|Any CPU
		{3FE46F1F-D532-4A71-AF1F-B35E306912FE}.Release|Any CPU.Build.0 = Release|Any CPU
		{519110E4-5B40-4250-824C-C08E9308589C}.Debug|Any CPU.ActiveCfg = Debug|Any CPU
		{519110E4-5B40-4250-824C-C08E9308589C}.Debug|Any CPU.Build.0 = Debug|Any CPU
		{519110E4-5B40-4250-824C-C08E9308589C}.Release|Any CPU.ActiveCfg = Release|Any CPU
		{519110E4-5B40-4250-824C-C08E9308589C}.Release|Any CPU.Build.0 = Release|Any CPU
	EndGlobalSection
	GlobalSection(SolutionProperties) = preSolution
		HideSolutionNode = FALSE
	EndGlobalSection
EndGlobal
